
Microsoft Visual Studio Solution File, Format Version 12.00
# Visual Studio Version 17
VisualStudioVersion = 17.10.35013.160
MinimumVisualStudioVersion = 10.0.40219.1
Project("{FAE04EC0-301F-11D3-BF4B-00C04F79EFBC}") = "BE_Toker_PruebaTecnica", "BE_Toker_PruebaTecnica\BE_Toker_PruebaTecnica.csproj", "{110397B0-D234-49C9-B29D-7DF6550DEF0B}"
EndProject
Project("{FAE04EC0-301F-11D3-BF4B-00C04F79EFBC}") = "TestToker", "TestToker\TestToker.csproj", "{7AE72B35-1BFF-4CE6-B993-BCC039E6D595}"
EndProject
Global
	GlobalSection(SolutionConfigurationPlatforms) = preSolution
		Debug|Any CPU = Debug|Any CPU
		Release|Any CPU = Release|Any CPU
	EndGlobalSection
	GlobalSection(ProjectConfigurationPlatforms) = postSolution
		{110397B0-D234-49C9-B29D-7DF6550DEF0B}.Debug|Any CPU.ActiveCfg = Debug|Any CPU
		{110397B0-D234-49C9-B29D-7DF6550DEF0B}.Debug|Any CPU.Build.0 = Debug|Any CPU
		{110397B0-D234-49C9-B29D-7DF6550DEF0B}.Release|Any CPU.ActiveCfg = Release|Any CPU
		{110397B0-D234-49C9-B29D-7DF6550DEF0B}.Release|Any CPU.Build.0 = Release|Any CPU
		{7AE72B35-1BFF-4CE6-B993-BCC039E6D595}.Debug|Any CPU.ActiveCfg = Debug|Any CPU
		{7AE72B35-1BFF-4CE6-B993-BCC039E6D595}.Debug|Any CPU.Build.0 = Debug|Any CPU
		{7AE72B35-1BFF-4CE6-B993-BCC039E6D595}.Release|Any CPU.ActiveCfg = Release|Any CPU
		{7AE72B35-1BFF-4CE6-B993-BCC039E6D595}.Release|Any CPU.Build.0 = Release|Any CPU
	EndGlobalSection
	GlobalSection(SolutionProperties) = preSolution
		HideSolutionNode = FALSE
	EndGlobalSection
	GlobalSection(ExtensibilityGlobals) = postSolution
		SolutionGuid = {0661050F-99D1-4EA5-BFA9-B58E77DE2006}
	EndGlobalSection
EndGlobal
